Microsoft Visual Studio Solution File, Format Version 12.00
# Visual Studio Version 17
VisualStudioVersion = 17.5.2.0
MinimumVisualStudioVersion = 10.0.40219.1
Project("{FAE04EC0-301F-11D3-BF4B-00C04F79EFBC}") = "HLTools", "HLTools.csproj", "{220B2735-FE47-09BD-C5FD-B46E6A6DA047}"
EndProject
Global
	GlobalSection(SolutionConfigurationPlatforms) = preSolution
		Debug|Any CPU = Debug|Any CPU
		Release|Any CPU = Release|Any CPU
	EndGlobalSection
	GlobalSection(ProjectConfigurationPlatforms) = postSolution
		{220B2735-FE47-09BD-C5FD-B46E6A6DA047}.Debug|Any CPU.ActiveCfg = Debug|Any CPU
		{220B2735-FE47-09BD-C5FD-B46E6A6DA047}.Debug|Any CPU.Build.0 = Debug|Any CPU
		{220B2735-FE47-09BD-C5FD-B46E6A6DA047}.Release|Any CPU.ActiveCfg = Release|Any CPU
		{220B2735-FE47-09BD-C5FD-B46E6A6DA047}.Release|Any CPU.Build.0 = Release|Any CPU
	EndGlobalSection
	GlobalSection(SolutionProperties) = preSolution
		HideSolutionNode = FALSE
	EndGlobalSection
	GlobalSection(ExtensibilityGlobals) = postSolution
		SolutionGuid = {3965ACBF-3406-4473-9FE9-54E3EAEA5D1C}
	EndGlobalSection
EndGlobal
